
Microsoft Visual Studio Solution File, Format Version 12.00
# Visual Studio Version 16
VisualStudioVersion = 16.0.31410.357
MinimumVisualStudioVersion = 10.0.40219.1
Project("{FAE04EC0-301F-11D3-BF4B-00C04F79EFBC}") = "Api", "src\Api\Api.csproj", "{82D20F08-D385-4DEE-A802-B8152027B508}"
EndProject
Global
	GlobalSection(SolutionConfigurationPlatforms) = preSolution
		Debug|Any CPU = Debug|Any CPU
		Release|Any CPU = Release|Any CPU
	EndGlobalSection
	GlobalSection(ProjectConfigurationPlatforms) = postSolution
		{82D20F08-D385-4DEE-A802-B8152027B508}.Debug|Any CPU.ActiveCfg = Debug|Any CPU
		{82D20F08-D385-4DEE-A802-B8152027B508}.Debug|Any CPU.Build.0 = Debug|Any CPU
		{82D20F08-D385-4DEE-A802-B8152027B508}.Release|Any CPU.ActiveCfg = Release|Any CPU
		{82D20F08-D385-4DEE-A802-B8152027B508}.Release|Any CPU.Build.0 = Release|Any CPU
	EndGlobalSection
	GlobalSection(SolutionProperties) = preSolution
		HideSolutionNode = FALSE
	EndGlobalSection
	GlobalSection(ExtensibilityGlobals) = postSolution
		SolutionGuid = {67157A53-A1B5-4753-908D-12E5AA76FD31}
	EndGlobalSection
EndGlobal
